# This file is generated by running "yarn install" inside your project.
# Manual changes might be lost - proceed with caution!

__metadata:
  version: 6
  cacheKey: 8

"@discordjs/builders@npm:^1.6.4":
  version: 1.6.4
  resolution: "@discordjs/builders@npm:1.6.4"
  dependencies:
    "@discordjs/formatters": ^0.3.1
    "@discordjs/util": ^1.0.0
    "@sapphire/shapeshift": ^3.9.2
    discord-api-types: ^0.37.50
    fast-deep-equal: ^3.1.3
    ts-mixer: ^6.0.3
    tslib: ^2.6.1
  checksum: 059ebe77b1b955daa1c16d62679c338b34e5c8160dcc446719452b05b61fb8d5f6d7fad8dd9cb7ce2d90c2d1014031f6feedd7c71943cddf04a4e83e4fcccfe3
  languageName: node
  linkType: hard

"@discordjs/collection@npm:^1.5.2":
  version: 1.5.2
  resolution: "@discordjs/collection@npm:1.5.2"
  checksum: bf51b951c75c1622f78db4ab48382dc36ef62d264ebf3add07b4a29bef74e84ee1ca65b74e8cf3c9c16eef435dcf05c35465b32642bc7c0bac6872e226d100a7
  languageName: node
  linkType: hard

"@discordjs/formatters@npm:^0.3.1":
  version: 0.3.1
  resolution: "@discordjs/formatters@npm:0.3.1"
  dependencies:
    discord-api-types: ^0.37.41
  checksum: 96355687853a203b280484419cd96a79b79b4b98f0469ec15be073862fb340cbd60ca2ea68f3d4684e17ff0e8c5f04ddcc6dd88188808e01fcbe0e3eea052d6d
  languageName: node
  linkType: hard

"@discordjs/rest@npm:^2.0.0":
  version: 2.0.0
  resolution: "@discordjs/rest@npm:2.0.0"
  dependencies:
    "@discordjs/collection": ^1.5.2
    "@discordjs/util": ^1.0.0
    "@sapphire/async-queue": ^1.5.0
    "@sapphire/snowflake": ^3.5.1
    "@vladfrangu/async_event_emitter": ^2.2.2
    discord-api-types: ^0.37.50
    magic-bytes.js: ^1.0.15
    tslib: ^2.6.1
    undici: ^5.22.1
  checksum: df610f6bce71d2b72087c8f80caad9073c72017a9b2525ee704f11510d1d39e56b0d3cf2b38a7f5f2e77740bfd6e0221e89f0d2d3bd65f318862fa8c2fd82dda
  languageName: node
  linkType: hard

"@discordjs/util@npm:^1.0.0":
  version: 1.0.0
  resolution: "@discordjs/util@npm:1.0.0"
  checksum: bbd800408c9ac20e9f298ea954592d674c92cbf1ec255ae5b07b2d5c444557a8580b3e95359600897db18ffc129eec5cabc37f1ba40ea6df24f2e9666a2dbc54
  languageName: node
  linkType: hard

"@discordjs/ws@npm:^1.0.0":
  version: 1.0.0
  resolution: "@discordjs/ws@npm:1.0.0"
  dependencies:
    "@discordjs/collection": ^1.5.2
    "@discordjs/rest": ^2.0.0
    "@discordjs/util": ^1.0.0
    "@sapphire/async-queue": ^1.5.0
    "@types/ws": ^8.5.5
    "@vladfrangu/async_event_emitter": ^2.2.2
    discord-api-types: ^0.37.50
    tslib: ^2.6.1
    ws: ^8.13.0
  checksum: 1917361918ee3e7b03661c577473157e371ff7d5d66f7f220623e79430bfb97017b0108efb87b391f95779829dc1288d0fc8d2837291b233d36a39d07f4e0dea
  languageName: node
  linkType: hard

"@sapphire/async-queue@npm:^1.5.0":
  version: 1.5.0
  resolution: "@sapphire/async-queue@npm:1.5.0"
  checksum: 983dbd1fd1b1798496e5edb6a0db7e4d90015160e1028f20475eab0a92625513f1e8d938bc0305811a9cec461c94e01b1e4191615ff03ba49356f568f3255250
  languageName: node
  linkType: hard

"@sapphire/shapeshift@npm:^3.9.2":
  version: 3.9.2
  resolution: "@sapphire/shapeshift@npm:3.9.2"
  dependencies:
    fast-deep-equal: ^3.1.3
    lodash: ^4.17.21
  checksum: 0d4572281a2a43dc444f56aef7462d16fdc49cdf0e625d521bfeae4b2219e35b53b7752b4e7396e402ce3b1a21c86afc4c3c82ce1547822a6e844116bb220760
  languageName: node
  linkType: hard

"@sapphire/snowflake@npm:^3.5.1":
  version: 3.5.1
  resolution: "@sapphire/snowflake@npm:3.5.1"
  checksum: 8fc025020adab1a7a1a5d2cf07704d598cc1977b50e5fcd3a5dd239f00934dc936d3a4d5ae336e71d8bf1d88ec27aa814b34de79e38ff097b7b9ba5a7977a683
  languageName: node
  linkType: hard

"@types/dotenv@npm:^8.2.0":
  version: 8.2.0
  resolution: "@types/dotenv@npm:8.2.0"
  dependencies:
    dotenv: "*"
  checksum: a1f524da7dc18b09bdb6c2613b9abbbe8ca575621cce4625efc7f98daf2ba07c7dbab622c9bb394507a12c5c515f9cbbbba4aeec17b801c88faeb8e8e656d460
  languageName: node
  linkType: hard

"@types/node@npm:*":
  version: 20.4.8
  resolution: "@types/node@npm:20.4.8"
  checksum: 86a3963c0c7af3410553d1dfa4b018a20b3cb3ab4d8e8ffe27408b6338c5de0374b0bf379bc705da2205b466daa751ccfe062f453ba9bde34fdb0e5163ca6a68
  languageName: node
  linkType: hard

"@types/ws@npm:^8.5.5":
  version: 8.5.5
  resolution: "@types/ws@npm:8.5.5"
  dependencies:
    "@types/node": "*"
  checksum: d00bf8070e6938e3ccf933010921c6ce78ac3606696ce37a393b27a9a603f7bd93ea64f3c5fa295a2f743575ba9c9a9fdb904af0f5fe2229bf2adf0630386e4a
  languageName: node
  linkType: hard

"@vladfrangu/async_event_emitter@npm:^2.2.2":
  version: 2.2.2
  resolution: "@vladfrangu/async_event_emitter@npm:2.2.2"
  checksum: ed948294fea1a2dc8b8f307f4061bf65e2043a946132f288702f0572a806ebe3123b8c7e522e70d2abbd3616f5d67027c9e59df9ef80b0195f7502a848a426ba
  languageName: node
  linkType: hard

"bot@workspace:packages/bot":
  version: 0.0.0-use.local
  resolution: "bot@workspace:packages/bot"
  dependencies:
    "@types/dotenv": ^8.2.0
    lib-mysql: "workspace:*"
    lib-types: "workspace:*"
    typescript: ^5.3.2
  languageName: unknown
  linkType: soft

"busboy@npm:^1.6.0":
  version: 1.6.0
  resolution: "busboy@npm:1.6.0"
  dependencies:
    streamsearch: ^1.1.0
  checksum: 32801e2c0164e12106bf236291a00795c3c4e4b709ae02132883fe8478ba2ae23743b11c5735a0aae8afe65ac4b6ca4568b91f0d9fed1fdbc32ede824a73746e
  languageName: node
  linkType: hard

"denque@npm:^2.1.0":
  version: 2.1.0
  resolution: "denque@npm:2.1.0"
  checksum: 1d4ae1d05e59ac3a3481e7b478293f4b4c813819342273f3d5b826c7ffa9753c520919ba264f377e09108d24ec6cf0ec0ac729a5686cbb8f32d797126c5dae74
  languageName: node
  linkType: hard

"discord-api-types@npm:^0.37.41, discord-api-types@npm:^0.37.50":
  version: 0.37.52
  resolution: "discord-api-types@npm:0.37.52"
  checksum: ecd62d054bac7517e58c3229f4f126e88fc228acfadd42cd4121702ae0c60fab809955f195aa49efd381a00e6e99a9c1b86d90157a2cf04d632bf5b6ab5d4d94
  languageName: node
  linkType: hard

"discord.js@npm:^14.12.1":
  version: 14.12.1
  resolution: "discord.js@npm:14.12.1"
  dependencies:
    "@discordjs/builders": ^1.6.4
    "@discordjs/collection": ^1.5.2
    "@discordjs/formatters": ^0.3.1
    "@discordjs/rest": ^2.0.0
    "@discordjs/util": ^1.0.0
    "@discordjs/ws": ^1.0.0
    "@sapphire/snowflake": ^3.5.1
    "@types/ws": ^8.5.5
    discord-api-types: ^0.37.50
    fast-deep-equal: ^3.1.3
    lodash.snakecase: ^4.1.1
    tslib: ^2.6.1
    undici: ^5.22.1
    ws: ^8.13.0
  checksum: 059c6c2fdec22319e8aa8d5f54392db0066e959a7418440d1dab3b0e7814b0c4a7311ed15500147e959f9409e63e2dbe0b1f159f9c2693d8cd321a216b92fdaf
  languageName: node
  linkType: hard

"dotenv@npm:*":
  version: 16.3.1
  resolution: "dotenv@npm:16.3.1"
  checksum: 15d75e7279018f4bafd0ee9706593dd14455ddb71b3bcba9c52574460b7ccaf67d5cf8b2c08a5af1a9da6db36c956a04a1192b101ee102a3e0cf8817bbcf3dfd
  languageName: node
  linkType: hard

"fast-deep-equal@npm:^3.1.3":
  version: 3.1.3
  resolution: "fast-deep-equal@npm:3.1.3"
  checksum: e21a9d8d84f53493b6aa15efc9cfd53dd5b714a1f23f67fb5dc8f574af80df889b3bce25dc081887c6d25457cce704e636395333abad896ccdec03abaf1f3f9d
  languageName: node
  linkType: hard

"generate-function@npm:^2.3.1":
  version: 2.3.1
  resolution: "generate-function@npm:2.3.1"
  dependencies:
    is-property: ^1.0.2
  checksum: 652f083de206ead2bae4caf9c7eeb465e8d98c0b8ed2a29c6afc538cef0785b5c6eea10548f1e13cc586d3afd796c13c830c2cb3dc612ec2457b2aadda5f57c9
  languageName: node
  linkType: hard

"iconv-lite@npm:^0.6.3":
  version: 0.6.3
  resolution: "iconv-lite@npm:0.6.3"
  dependencies:
    safer-buffer: ">= 2.1.2 < 3.0.0"
  checksum: 3f60d47a5c8fc3313317edfd29a00a692cc87a19cac0159e2ce711d0ebc9019064108323b5e493625e25594f11c6236647d8e256fbe7a58f4a3b33b89e6d30bf
  languageName: node
  linkType: hard

"is-property@npm:^1.0.2":
  version: 1.0.2
  resolution: "is-property@npm:1.0.2"
  checksum: 33b661a3690bcc88f7e47bb0a21b9e3187e76a317541ea7ec5e8096d954f441b77a46d8930c785f7fbf4ef8dfd624c25495221e026e50f74c9048fe501773be5
  languageName: node
  linkType: hard

"lib-mysql@workspace:*, lib-mysql@workspace:libs/lib-mysql":
  version: 0.0.0-use.local
  resolution: "lib-mysql@workspace:libs/lib-mysql"
  dependencies:
    mysql2: ^3.6.0
    typescript: ^5.3.2
  languageName: unknown
  linkType: soft

"lib-types@workspace:*, lib-types@workspace:libs/lib-types":
  version: 0.0.0-use.local
  resolution: "lib-types@workspace:libs/lib-types"
  dependencies:
    discord.js: ^14.12.1
    typescript: ^5.3.2
  languageName: unknown
  linkType: soft

"lodash.snakecase@npm:^4.1.1":
  version: 4.1.1
  resolution: "lodash.snakecase@npm:4.1.1"
  checksum: 1685ed3e83dda6eae5a4dcaee161a51cd210aabb3e1c09c57150e7dd8feda19e4ca0d27d0631eabe8d0f4eaa51e376da64e8c018ae5415417c5890d42feb72a8
  languageName: node
  linkType: hard

"lodash@npm:^4.17.21":
  version: 4.17.21
  resolution: "lodash@npm:4.17.21"
  checksum: eb835a2e51d381e561e508ce932ea50a8e5a68f4ebdd771ea240d3048244a8d13658acbd502cd4829768c56f2e16bdd4340b9ea141297d472517b83868e677f7
  languageName: node
  linkType: hard

"long@npm:^5.2.1":
  version: 5.2.3
  resolution: "long@npm:5.2.3"
  checksum: 885ede7c3de4facccbd2cacc6168bae3a02c3e836159ea4252c87b6e34d40af819824b2d4edce330bfb5c4d6e8ce3ec5864bdcf9473fa1f53a4f8225860e5897
  languageName: node
  linkType: hard

"lru-cache@npm:^7.14.1":
  version: 7.18.3
  resolution: "lru-cache@npm:7.18.3"
  checksum: e550d772384709deea3f141af34b6d4fa392e2e418c1498c078de0ee63670f1f46f5eee746e8ef7e69e1c895af0d4224e62ee33e66a543a14763b0f2e74c1356
  languageName: node
  linkType: hard

"lru-cache@npm:^8.0.0":
  version: 8.0.5
  resolution: "lru-cache@npm:8.0.5"
  checksum: 87d72196d8f46e8299c4ab576ed2ec8a07e3cbef517dc9874399c0b2470bd9bf62aacec3b67f84ed6d74aaa1ef31636d048edf996f76248fd17db72bfb631609
  languageName: node
  linkType: hard

"magic-bytes.js@npm:^1.0.15":
  version: 1.0.15
  resolution: "magic-bytes.js@npm:1.0.15"
  checksum: cef9a3f92853baa2ad3558bccdbf2332ec0d3f6ffc3d57b1d416709db59d0742773b11e17e3fc671d7a506c4419626a939510800d7bebec978bf73b1a7cbdd98
  languageName: node
  linkType: hard

"mysql2@npm:^3.6.0":
  version: 3.6.0
  resolution: "mysql2@npm:3.6.0"
  dependencies:
    denque: ^2.1.0
    generate-function: ^2.3.1
    iconv-lite: ^0.6.3
    long: ^5.2.1
    lru-cache: ^8.0.0
    named-placeholders: ^1.1.3
    seq-queue: ^0.0.5
    sqlstring: ^2.3.2
  checksum: 3c0f6102ce76314b3a0789626bf49beccf4e51cba72dc8509e631ccd47f12d23020832468b6e30db513e73bd2ed72b6e0e6b118a7ad808f9e32f2e3dc744ffc8
  languageName: node
  linkType: hard

"named-placeholders@npm:^1.1.3":
  version: 1.1.3
  resolution: "named-placeholders@npm:1.1.3"
  dependencies:
    lru-cache: ^7.14.1
  checksum: 7834adc91e92ae1b9c4413384e3ccd297de5168bb44017ff0536705ddc4db421723bd964607849265feb3f6ded390f84cf138e5925f22f7c13324f87a803dc73
  languageName: node
  linkType: hard

"prettier@npm:^3.0.2":
  version: 3.0.2
  resolution: "prettier@npm:3.0.2"
  bin:
    prettier: bin/prettier.cjs
  checksum: 118b59ddb6c80abe2315ab6d0f4dd1b253be5cfdb20622fa5b65bb1573dcd362e6dd3dcf2711dd3ebfe64aecf7bdc75de8a69dc2422dcd35bdde7610586b677a
  languageName: node
  linkType: hard

"private-discord-bot@workspace:.":
  version: 0.0.0-use.local
  resolution: "private-discord-bot@workspace:."
  dependencies:
    prettier: ^3.0.2
  languageName: unknown
  linkType: soft

"safer-buffer@npm:>= 2.1.2 < 3.0.0":
  version: 2.1.2
  resolution: "safer-buffer@npm:2.1.2"
  checksum: cab8f25ae6f1434abee8d80023d7e72b598cf1327164ddab31003c51215526801e40b66c5e65d658a0af1e9d6478cadcb4c745f4bd6751f97d8644786c0978b0
  languageName: node
  linkType: hard

"seq-queue@npm:^0.0.5":
  version: 0.0.5
  resolution: "seq-queue@npm:0.0.5"
  checksum: f8695a6cb613e1b378b9686cde4ea626944091a412fc1c9d24c5039283d4351dd115f4505e4cf103d3a2e4a9a6a72fc7698fdce703839fb1fec9627aa4ce5563
  languageName: node
  linkType: hard

"sqlstring@npm:^2.3.2":
  version: 2.3.3
  resolution: "sqlstring@npm:2.3.3"
  checksum: 1e7e2d51c38a0cf7372e875408ca100b6e0c9a941ab7773975ea41fb36e5528e404dc787689be855780cf6d0a829ff71027964ae3a05a7446e91dce26672fda7
  languageName: node
  linkType: hard

"streamsearch@npm:^1.1.0":
  version: 1.1.0
  resolution: "streamsearch@npm:1.1.0"
  checksum: 1cce16cea8405d7a233d32ca5e00a00169cc0e19fbc02aa839959985f267335d435c07f96e5e0edd0eadc6d39c98d5435fb5bbbdefc62c41834eadc5622ad942
  languageName: node
  linkType: hard

"ts-mixer@npm:^6.0.3":
  version: 6.0.3
  resolution: "ts-mixer@npm:6.0.3"
  checksum: 7fbaba0a413bf817835a6a23d46bccf4192dd4d7345b6bae9d594c88acffac35bf4995ef3cce753090c8abcdf2afd16dba8899365584a1f960ccc2a15bf2e2d6
  languageName: node
  linkType: hard

"tslib@npm:^2.6.1":
  version: 2.6.1
  resolution: "tslib@npm:2.6.1"
  checksum: b0d176d176487905b66ae4d5856647df50e37beea7571c53b8d10ba9222c074b81f1410fb91da13debaf2cbc970663609068bdebafa844ea9d69b146527c38fe
  languageName: node
  linkType: hard

"typescript@npm:^5.3.2":
  version: 5.3.2
  resolution: "typescript@npm:5.3.2"
  bin:
    tsc: bin/tsc
    tsserver: bin/tsserver
  checksum: d92534dda639eb825db013203404c1fabca8ac630564283c9e7dc9e64fd9c9346c2de95ecebdf3e6e8c1c32941bca1cfe0da37877611feb9daf8feeaea58d230
  languageName: node
  linkType: hard

"typescript@patch:typescript@^5.3.2#~builtin<compat/typescript>":
  version: 5.3.2
  resolution: "typescript@patch:typescript@npm%3A5.3.2#~builtin<compat/typescript>::version=5.3.2&hash=14eedb"
  bin:
    tsc: bin/tsc
    tsserver: bin/tsserver
  checksum: c034461079fbfde3cb584ddee52afccb15b6e32a0ce186d0b2719968786f7ca73e1b07f71fac4163088790b16811c6ccf79680de190664ef66ff0ba9c1fe4a23
  languageName: node
  linkType: hard

"undici@npm:^5.22.1":
  version: 5.23.0
  resolution: "undici@npm:5.23.0"
  dependencies:
    busboy: ^1.6.0
  checksum: 906ca4fb1d47163d2cee2ecbbc664a1d92508a2cdf1558146621109f525c983a83597910b36e6ba468240e95259be5939cea6babc99fc0c36360b16630f66784
  languageName: node
  linkType: hard

"ws@npm:^8.13.0":
  version: 8.13.0
  resolution: "ws@npm:8.13.0"
  peerDependencies:
    bufferutil: ^4.0.1
    utf-8-validate: ">=5.0.2"
  peerDependenciesMeta:
    bufferutil:
      optional: true
    utf-8-validate:
      optional: true
  checksum: 53e991bbf928faf5dc6efac9b8eb9ab6497c69feeb94f963d648b7a3530a720b19ec2e0ec037344257e05a4f35bd9ad04d9de6f289615ffb133282031b18c61c
  languageName: node
  linkType: hard
